
Microsoft Visual Studio Solution File, Format Version 12.00
# Visual Studio Version 16
VisualStudioVersion = 16.0.30413.136
MinimumVisualStudioVersion = 10.0.40219.1
Project("{FAE04EC0-301F-11D3-BF4B-00C04F79EFBC}") = "CustomList", "CustomList\CustomList.csproj", "{BF17DF19-FAA0-4948-9D4B-FBFD3013D066}"
EndProject
Project("{FAE04EC0-301F-11D3-BF4B-00C04F79EFBC}") = "CustomListUnitTest", "CustomListUnitTest\CustomListUnitTest.csproj", "{F5D23789-DA8C-4BD8-8D40-99BA97757DE3}"
EndProject
Global
	GlobalSection(SolutionConfigurationPlatforms) = preSolution
		Debug|Any CPU = Debug|Any CPU
		Release|Any CPU = Release|Any CPU
	EndGlobalSection
	GlobalSection(ProjectConfigurationPlatforms) = postSolution
		{BF17DF19-FAA0-4948-9D4B-FBFD3013D066}.Debug|Any CPU.ActiveCfg = Debug|Any CPU
		{BF17DF19-FAA0-4948-9D4B-FBFD3013D066}.Debug|Any CPU.Build.0 = Debug|Any CPU
		{BF17DF19-FAA0-4948-9D4B-FBFD3013D066}.Release|Any CPU.ActiveCfg = Release|Any CPU
		{BF17DF19-FAA0-4948-9D4B-FBFD3013D066}.Release|Any CPU.Build.0 = Release|Any CPU
		{F5D23789-DA8C-4BD8-8D40-99BA97757DE3}.Debug|Any CPU.ActiveCfg = Debug|Any CPU
		{F5D23789-DA8C-4BD8-8D40-99BA97757DE3}.Debug|Any CPU.Build.0 = Debug|Any CPU
		{F5D23789-DA8C-4BD8-8D40-99BA97757DE3}.Release|Any CPU.ActiveCfg = Release|Any CPU
		{F5D23789-DA8C-4BD8-8D40-99BA97757DE3}.Release|Any CPU.Build.0 = Release|Any CPU
	EndGlobalSection
	GlobalSection(SolutionProperties) = preSolution
		HideSolutionNode = FALSE
	EndGlobalSection
	GlobalSection(ExtensibilityGlobals) = postSolution
		SolutionGuid = {D85E9982-800C-4A4D-A778-1D6BC9E8580E}
	EndGlobalSection
EndGlobal
